{
  "nodes": {
    "by-db": {
      "inputs": {
        "fenix": "fenix",
        "flake-utils": "flake-utils",
        "naersk": "naersk",
        "nixpkgs": [
          "nixpkgs"
        ],
        "nixpkgs-unstable": "nixpkgs-unstable"
      },
      "locked": {
        "lastModified": 1733386034,
        "narHash": "sha256-Kazo2dN0FyM8on3Icy7jo8v+bt23wkj0ZUdyrFpI8jk=",
        "ref": "refs/heads/main",
        "rev": "97738eb6004ed41ca41114b4a6cfefc4995a7e3c",
        "revCount": 84,
        "type": "git",
        "url": "ssh://git@github.com/bebert64/perso"
      },
      "original": {
        "type": "git",
        "url": "ssh://git@github.com/bebert64/perso"
      }
    },
    "fenix": {
      "inputs": {
        "nixpkgs": [
          "by-db",
          "nixpkgs"
        ],
        "rust-analyzer-src": "rust-analyzer-src"
      },
      "locked": {
        "lastModified": 1732689334,
        "narHash": "sha256-yKI1KiZ0+bvDvfPTQ1ZT3oP/nIu3jPYm4dnbRd6hYg4=",
        "owner": "nix-community",
        "repo": "fenix",
        "rev": "a8a983027ca02b363dfc82fbe3f7d9548a8d3dce",
        "type": "github"
      },
      "original": {
        "owner": "nix-community",
        "repo": "fenix",
        "type": "github"
      }
    },
    "flake-utils": {
      "inputs": {
        "systems": "systems"
      },
      "locked": {
        "lastModified": 1731533236,
        "narHash": "sha256-l0KFg5HjrsfsO/JpG+r7fRrqm12kzFHyUHqHCVpMMbI=",
        "owner": "numtide",
        "repo": "flake-utils",
        "rev": "11707dc2f618dd54ca8739b309ec4fc024de578b",
        "type": "github"
      },
      "original": {
        "owner": "numtide",
        "repo": "flake-utils",
        "type": "github"
      }
    },
    "flake-utils_2": {
      "inputs": {
        "systems": "systems_2"
      },
      "locked": {
        "lastModified": 1681202837,
        "narHash": "sha256-H+Rh19JDwRtpVPAWp64F+rlEtxUWBAQW28eAi3SRSzg=",
        "owner": "numtide",
        "repo": "flake-utils",
        "rev": "cfacdce06f30d2b68473a46042957675eebb3401",
        "type": "github"
      },
      "original": {
        "owner": "numtide",
        "repo": "flake-utils",
        "type": "github"
      }
    },
    "flake-utils_3": {
      "inputs": {
        "systems": "systems_3"
      },
      "locked": {
        "lastModified": 1681202837,
        "narHash": "sha256-H+Rh19JDwRtpVPAWp64F+rlEtxUWBAQW28eAi3SRSzg=",
        "owner": "numtide",
        "repo": "flake-utils",
        "rev": "cfacdce06f30d2b68473a46042957675eebb3401",
        "type": "github"
      },
      "original": {
        "owner": "numtide",
        "repo": "flake-utils",
        "type": "github"
      }
    },
    "home-manager": {
      "inputs": {
        "nixpkgs": [
          "nixpkgs"
        ]
      },
      "locked": {
        "lastModified": 1733484277,
        "narHash": "sha256-i5ay20XsvpW91N4URET/nOc0VQWOAd4c4vbqYtcH8Rc=",
        "owner": "nix-community",
        "repo": "home-manager",
        "rev": "d00c6f6d0ad16d598bf7e2956f52c1d9d5de3c3a",
        "type": "github"
      },
      "original": {
        "owner": "nix-community",
        "repo": "home-manager",
        "type": "github"
      }
    },
    "naersk": {
      "inputs": {
        "nixpkgs": "nixpkgs"
      },
      "locked": {
        "lastModified": 1721727458,
        "narHash": "sha256-r/xppY958gmZ4oTfLiHN0ZGuQ+RSTijDblVgVLFi1mw=",
        "owner": "nix-community",
        "repo": "naersk",
        "rev": "3fb418eaf352498f6b6c30592e3beb63df42ef11",
        "type": "github"
      },
      "original": {
        "owner": "nix-community",
        "repo": "naersk",
        "type": "github"
      }
    },
    "nix-index-database": {
      "inputs": {
        "nixpkgs": [
          "stockly-computers",
          "nixpkgs"
        ]
      },
      "locked": {
        "lastModified": 1733024876,
        "narHash": "sha256-vy9Q41hBE7Zg0yakF79neVgb3i3PQMSMR7uHPpPywFE=",
        "owner": "nix-community",
        "repo": "nix-index-database",
        "rev": "6e0b7f81367069589a480b91603a10bcf71f3103",
        "type": "github"
      },
      "original": {
        "owner": "nix-community",
        "repo": "nix-index-database",
        "type": "github"
      }
    },
    "nixpkgs": {
      "locked": {
        "lastModified": 1730045389,
        "narHash": "sha256-4spSNTZ6h8Xmvrr9oqfuxc9jarasGj1QOcsgw8BfNd8=",
        "owner": "NixOS",
        "repo": "nixpkgs",
        "rev": "0fcb98acb6633445764dafe180e6833eb0f95208",
        "type": "github"
      },
      "original": {
        "id": "nixpkgs",
        "type": "indirect"
      }
    },
    "nixpkgs-unstable": {
      "locked": {
        "lastModified": 1733581040,
        "narHash": "sha256-Qn3nPMSopRQJgmvHzVqPcE3I03zJyl8cSbgnnltfFDY=",
        "owner": "nixos",
        "repo": "nixpkgs",
        "rev": "22c3f2cf41a0e70184334a958e6b124fb0ce3e01",
        "type": "github"
      },
      "original": {
        "owner": "nixos",
        "ref": "nixos-unstable",
        "repo": "nixpkgs",
        "type": "github"
      }
    },
    "nixpkgs_2": {
      "locked": {
        "lastModified": 1732981179,
        "narHash": "sha256-F7thesZPvAMSwjRu0K8uFshTk3ZZSNAsXTIFvXBT+34=",
        "owner": "nixos",
        "repo": "nixpkgs",
        "rev": "62c435d93bf046a5396f3016472e8f7c8e2aed65",
        "type": "github"
      },
      "original": {
        "owner": "nixos",
        "ref": "nixos-24.11",
        "repo": "nixpkgs",
        "type": "github"
      }
    },
    "root": {
      "inputs": {
        "by-db": "by-db",
        "home-manager": "home-manager",
        "nixpkgs": [
          "stockly-computers",
          "nixpkgs"
        ],
        "sops-nix": "sops-nix",
        "stockly-computers": "stockly-computers",
        "vscode-server": "vscode-server_2"
      }
    },
    "rust-analyzer-src": {
      "flake": false,
      "locked": {
        "lastModified": 1732633904,
        "narHash": "sha256-7VKcoLug9nbAN2txqVksWHHJplqK9Ou8dXjIZAIYSGc=",
        "owner": "rust-lang",
        "repo": "rust-analyzer",
        "rev": "8d5e91c94f80c257ce6dbdfba7bd63a5e8a03fa6",
        "type": "github"
      },
      "original": {
        "owner": "rust-lang",
        "ref": "nightly",
        "repo": "rust-analyzer",
        "type": "github"
      }
    },
    "sops-nix": {
      "inputs": {
        "nixpkgs": [
          "nixpkgs"
        ]
      },
      "locked": {
        "lastModified": 1733128155,
        "narHash": "sha256-m6/qwJAJYcidGMEdLqjKzRIjapK4nUfMq7rDCTmZajc=",
        "owner": "Mic92",
        "repo": "sops-nix",
        "rev": "c6134b6fff6bda95a1ac872a2a9d5f32e3c37856",
        "type": "github"
      },
      "original": {
        "owner": "Mic92",
        "repo": "sops-nix",
        "type": "github"
      }
    },
    "stockly-computers": {
      "inputs": {
        "nix-index-database": "nix-index-database",
        "nixpkgs": "nixpkgs_2",
        "vscode-server": "vscode-server"
      },
      "locked": {
        "lastModified": 1733526168,
        "narHash": "sha256-whoTV01FthIotwmszgpjkv/4xuKpolVZH35drv5ptVA=",
        "ref": "refs/heads/master",
        "rev": "9930100ac2c49ff2c2ca1f234916d738ad93db1e",
        "revCount": 138,
        "type": "git",
        "url": "ssh://git@github.com/Stockly/Computers.git"
      },
      "original": {
        "type": "git",
        "url": "ssh://git@github.com/Stockly/Computers.git"
      }
    },
    "systems": {
      "locked": {
        "lastModified": 1681028828,
        "narHash": "sha256-Vy1rq5AaRuLzOxct8nz4T6wlgyUR7zLU309k9mBC768=",
        "owner": "nix-systems",
        "repo": "default",
        "rev": "da67096a3b9bf56a91d16901293e51ba5b49a27e",
        "type": "github"
      },
      "original": {
        "owner": "nix-systems",
        "repo": "default",
        "type": "github"
      }
    },
    "systems_2": {
      "locked": {
        "lastModified": 1681028828,
        "narHash": "sha256-Vy1rq5AaRuLzOxct8nz4T6wlgyUR7zLU309k9mBC768=",
        "owner": "nix-systems",
        "repo": "default",
        "rev": "da67096a3b9bf56a91d16901293e51ba5b49a27e",
        "type": "github"
      },
      "original": {
        "owner": "nix-systems",
        "repo": "default",
        "type": "github"
      }
    },
    "systems_3": {
      "locked": {
        "lastModified": 1681028828,
        "narHash": "sha256-Vy1rq5AaRuLzOxct8nz4T6wlgyUR7zLU309k9mBC768=",
        "owner": "nix-systems",
        "repo": "default",
        "rev": "da67096a3b9bf56a91d16901293e51ba5b49a27e",
        "type": "github"
      },
      "original": {
        "owner": "nix-systems",
        "repo": "default",
        "type": "github"
      }
    },
    "vscode-server": {
      "inputs": {
        "flake-utils": "flake-utils_2",
        "nixpkgs": [
          "stockly-computers",
          "nixpkgs"
        ]
      },
      "locked": {
        "lastModified": 1711042850,
        "narHash": "sha256-8PDNi/dgoI2kyM7uSiU4eoLBqUKoA+3TXuz+VWmuCOc=",
        "owner": "Ten0",
        "repo": "nixos-vscode-server",
        "rev": "b02b3cceaae22fb66c00f03f1aff705e9711956e",
        "type": "github"
      },
      "original": {
        "owner": "Ten0",
        "repo": "nixos-vscode-server",
        "type": "github"
      }
    },
    "vscode-server_2": {
      "inputs": {
        "flake-utils": "flake-utils_3",
        "nixpkgs": [
          "nixpkgs"
        ]
      },
      "locked": {
        "lastModified": 1729422940,
        "narHash": "sha256-DlvJv33ml5UTKgu4b0HauOfFIoDx6QXtbqUF3vWeRCY=",
        "owner": "nix-community",
        "repo": "nixos-vscode-server",
        "rev": "8b6db451de46ecf9b4ab3d01ef76e59957ff549f",
        "type": "github"
      },
      "original": {
        "owner": "nix-community",
        "repo": "nixos-vscode-server",
        "type": "github"
      }
    }
  },
  "root": "root",
  "version": 7
}
